// !$*UTF8*$!
{
	archiveVersion = 1;
	classes = {
	};
	objectVersion = 77;
	objects = {

/* Begin PBXBuildFile section */
		552A4A102CC88668001DF039 /* README.md in Resources */ = {isa = PBXBuildFile; fileRef = 552A4A0F2CC88660001DF039 /* README.md */; };
/* End PBXBuildFile section */

/* Begin PBXContainerItemProxy section */
		5567B5FC2CC83223004ED654 /* PBXContainerItemProxy */ = {
			isa = PBXContainerItemProxy;
			containerPortal = 5567B5E32CC83222004ED654 /* Project object */;
			proxyType = 1;
			remoteGlobalIDString = 5567B5EA2CC83222004ED654;
			remoteInfo = FetchMobileTest;
		};
		5567B6062CC83223004ED654 /* PBXContainerItemProxy */ = {
			isa = PBXContainerItemProxy;
			containerPortal = 5567B5E32CC83222004ED654 /* Project object */;
			proxyType = 1;
			remoteGlobalIDString = 5567B5EA2CC83222004ED654;
			remoteInfo = FetchMobileTest;
		};
/* End PBXContainerItemProxy section */

/* Begin PBXFileReference section */
		552A4A0F2CC88660001DF039 /* README.md */ = {isa = PBXFileReference; lastKnownFileType = net.daringfireball.markdown; path = README.md; sourceTree = "<group>"; };
		5567B5EB2CC83222004ED654 /* FetchMobileTest.app */ = {isa = PBXFileReference; explicitFileType = wrapper.application; includeInIndex = 0; path = FetchMobileTest.app; sourceTree = BUILT_PRODUCTS_DIR; };
		5567B5FB2CC83223004ED654 /* FetchMobileTestTests.xctest */ = {isa = PBXFileReference; explicitFileType = wrapper.cfbundle; includeInIndex = 0; path = FetchMobileTestTests.xctest; sourceTree = BUILT_PRODUCTS_DIR; };
		5567B6052CC83223004ED654 /* FetchMobileTestUITests.xctest */ = {isa = PBXFileReference; explicitFileType = wrapper.cfbundle; includeInIndex = 0; path = FetchMobileTestUITests.xctest; sourceTree = BUILT_PRODUCTS_DIR; };
/* End PBXFileReference section */

/* Begin PBXFileSystemSynchronizedRootGroup section */
		5567B5ED2CC83222004ED654 /* FetchMobileTest */ = {
			isa = PBXFileSystemSynchronizedRootGroup;
			path = FetchMobileTest;
			sourceTree = "<group>";
		};
		5567B5FE2CC83223004ED654 /* FetchMobileTestTests */ = {
			isa = PBXFileSystemSynchronizedRootGroup;
			path = FetchMobileTestTests;
			sourceTree = "<group>";
		};
		5567B6082CC83223004ED654 /* FetchMobileTestUITests */ = {
			isa = PBXFileSystemSynchronizedRootGroup;
			path = FetchMobileTestUITests;
			sourceTree = "<group>";
		};
/* End PBXFileSystemSynchronizedRootGroup section */

/* Begin PBXFrameworksBuildPhase section */
		5567B5E82CC83222004ED654 /* Frameworks */ = {
			isa = PBXFrameworksBuildPhase;
			buildActionMask = 2147483647;
			files = (
			);
			runOnlyForDeploymentPostprocessing = 0;
		};
		5567B5F82CC83223004ED654 /* Frameworks */ = {
			isa = PBXFrameworksBuildPhase;
			buildActionMask = 2147483647;
			files = (
			);
			runOnlyForDeploymentPostprocessing = 0;
		};
		5567B6022CC83223004ED654 /* Frameworks */ = {
			isa = PBXFrameworksBuildPhase;
			buildActionMask = 2147483647;
			files = (
			);
			runOnlyForDeploymentPostprocessing = 0;
		};
/* End PBXFrameworksBuildPhase section */

/* Begin PBXGroup section */
		5567B5E22CC83222004ED654 = {
			isa = PBXGroup;
			children = (
				552A4A0F2CC88660001DF039 /* README.md */,
				5567B5ED2CC83222004ED654 /* FetchMobileTest */,
				5567B5FE2CC83223004ED654 /* FetchMobileTestTests */,
				5567B6082CC83223004ED654 /* FetchMobileTestUITests */,
				5567B5EC2CC83222004ED654 /* Products */,
			);
			sourceTree = "<group>";
		};
		5567B5EC2CC83222004ED654 /* Products */ = {
			isa = PBXGroup;
			children = (
				5567B5EB2CC83222004ED654 /* FetchMobileTest.app */,
				5567B5FB2CC83223004ED654 /* FetchMobileTestTests.xctest */,
				5567B6052CC83223004ED654 /* FetchMobileTestUITests.xctest */,
			);
			name = Products;
			sourceTree = "<group>";
		};
/* End PBXGroup section */

/* Begin PBXNativeTarget section */
		5567B5EA2CC83222004ED654 /* FetchMobileTest */ = {
			isa = PBXNativeTarget;
			buildConfigurationList = 5567B60F2CC83223004ED654 /* Build configuration list for PBXNativeTarget "FetchMobileTest" */;
			buildPhases = (
				5567B5E72CC83222004ED654 /* Sources */,
				5567B5E82CC83222004ED654 /* Frameworks */,
				5567B5E92CC83222004ED654 /* Resources */,
				557516AF2CC839C600A11A81 /* Run Swiftlint */,
			);
			buildRules = (
			);
			dependencies = (
			);
			fileSystemSynchronizedGroups = (
				5567B5ED2CC83222004ED654 /* FetchMobileTest */,
			);
			name = FetchMobileTest;
			packageProductDependencies = (
			);
			productName = FetchMobileTest;
			productReference = 5567B5EB2CC83222004ED654 /* FetchMobileTest.app */;
			productType = "com.apple.product-type.application";
		};
		5567B5FA2CC83223004ED654 /* FetchMobileTestTests */ = {
			isa = PBXNativeTarget;
			buildConfigurationList = 5567B6122CC83223004ED654 /* Build configuration list for PBXNativeTarget "FetchMobileTestTests" */;
			buildPhases = (
				5567B5F72CC83223004ED654 /* Sources */,
				5567B5F82CC83223004ED654 /* Frameworks */,
				5567B5F92CC83223004ED654 /* Resources */,
			);
			buildRules = (
			);
			dependencies = (
				5567B5FD2CC83223004ED654 /* PBXTargetDependency */,
			);
			fileSystemSynchronizedGroups = (
				5567B5FE2CC83223004ED654 /* FetchMobileTestTests */,
			);
			name = FetchMobileTestTests;
			packageProductDependencies = (
			);
			productName = FetchMobileTestTests;
			productReference = 5567B5FB2CC83223004ED654 /* FetchMobileTestTests.xctest */;
			productType = "com.apple.product-type.bundle.unit-test";
		};
		5567B6042CC83223004ED654 /* FetchMobileTestUITests */ = {
			isa = PBXNativeTarget;
			buildConfigurationList = 5567B6152CC83223004ED654 /* Build configuration list for PBXNativeTarget "FetchMobileTestUITests" */;
			buildPhases = (
				5567B6012CC83223004ED654 /* Sources */,
				5567B6022CC83223004ED654 /* Frameworks */,
				5567B6032CC83223004ED654 /* Resources */,
			);
			buildRules = (
			);
			dependencies = (
				5567B6072CC83223004ED654 /* PBXTargetDependency */,
			);
			fileSystemSynchronizedGroups = (
				5567B6082CC83223004ED654 /* FetchMobileTestUITests */,
			);
			name = FetchMobileTestUITests;
			packageProductDependencies = (
			);
			productName = FetchMobileTestUITests;
			productReference = 5567B6052CC83223004ED654 /* FetchMobileTestUITests.xctest */;
			productType = "com.apple.product-type.bundle.ui-testing";
		};
/* End PBXNativeTarget section */

/* Begin PBXProject section */
		5567B5E32CC83222004ED654 /* Project object */ = {
			isa = PBXProject;
			attributes = {
				BuildIndependentTargetsInParallel = 1;
				LastSwiftUpdateCheck = 1600;
				LastUpgradeCheck = 1600;
				TargetAttributes = {
					5567B5EA2CC83222004ED654 = {
						CreatedOnToolsVersion = 16.0;
					};
					5567B5FA2CC83223004ED654 = {
						CreatedOnToolsVersion = 16.0;
						TestTargetID = 5567B5EA2CC83222004ED654;
					};
					5567B6042CC83223004ED654 = {
						CreatedOnToolsVersion = 16.0;
						TestTargetID = 5567B5EA2CC83222004ED654;
					};
				};
			};
			buildConfigurationList = 5567B5E62CC83222004ED654 /* Build configuration list for PBXProject "FetchMobileTest" */;
			developmentRegion = en;
			hasScannedForEncodings = 0;
			knownRegions = (
				en,
				Base,
			);
			mainGroup = 5567B5E22CC83222004ED654;
			minimizedProjectReferenceProxies = 1;
			preferredProjectObjectVersion = 77;
			productRefGroup = 5567B5EC2CC83222004ED654 /* Products */;
			projectDirPath = "";
			projectRoot = "";
			targets = (
				5567B5EA2CC83222004ED654 /* FetchMobileTest */,
				5567B5FA2CC83223004ED654 /* FetchMobileTestTests */,
				5567B6042CC83223004ED654 /* FetchMobileTestUITests */,
			);
		};
/* End PBXProject section */

/* Begin PBXResourcesBuildPhase section */
		5567B5E92CC83222004ED654 /* Resources */ = {
			isa = PBXResourcesBuildPhase;
			buildActionMask = 2147483647;
			files = (
				552A4A102CC88668001DF039 /* README.md in Resources */,
			);
			runOnlyForDeploymentPostprocessing = 0;
		};
		5567B5F92CC83223004ED654 /* Resources */ = {
			isa = PBXResourcesBuildPhase;
			buildActionMask = 2147483647;
			files = (
			);
			runOnlyForDeploymentPostprocessing = 0;
		};
		5567B6032CC83223004ED654 /* Resources */ = {
			isa = PBXResourcesBuildPhase;
			buildActionMask = 2147483647;
			files = (
			);
			runOnlyForDeploymentPostprocessing = 0;
		};
/* End PBXResourcesBuildPhase section */

/* Begin PBXShellScriptBuildPhase section */
		557516AF2CC839C600A11A81 /* Run Swiftlint */ = {
			isa = PBXShellScriptBuildPhase;
			alwaysOutOfDate = 1;
			buildActionMask = 2147483647;
			files = (
			);
			inputFileListPaths = (
			);
			inputPaths = (
			);
			name = "Run Swiftlint";
			outputFileListPaths = (
			);
			outputPaths = (
			);
			runOnlyForDeploymentPostprocessing = 0;
			shellPath = /bin/sh;
			shellScript = "if command -v swiftlint >/dev/null 2>&1\nthen\n    swiftlint\nelse\n    echo \"warning: `swiftlint` command not found - See https://github.com/realm/SwiftLint#installation for installation instructions.\"\nfi\n";
		};
/* End PBXShellScriptBuildPhase section */

/* Begin PBXSourcesBuildPhase section */
		5567B5E72CC83222004ED654 /* Sources */ = {
			isa = PBXSourcesBuildPhase;
			buildActionMask = 2147483647;
			files = (
			);
			runOnlyForDeploymentPostprocessing = 0;
		};
		5567B5F72CC83223004ED654 /* Sources */ = {
			isa = PBXSourcesBuildPhase;
			buildActionMask = 2147483647;
			files = (
			);
			runOnlyForDeploymentPostprocessing = 0;
		};
		5567B6012CC83223004ED654 /* Sources */ = {
			isa = PBXSourcesBuildPhase;
			buildActionMask = 2147483647;
			files = (
			);
			runOnlyForDeploymentPostprocessing = 0;
		};
/* End PBXSourcesBuildPhase section */

/* Begin PBXTargetDependency section */
		5567B5FD2CC83223004ED654 /* PBXTargetDependency */ = {
			isa = PBXTargetDependency;
			target = 5567B5EA2CC83222004ED654 /* FetchMobileTest */;
			targetProxy = 5567B5FC2CC83223004ED654 /* PBXContainerItemProxy */;
		};
		5567B6072CC83223004ED654 /* PBXTargetDependency */ = {
			isa = PBXTargetDependency;
			target = 5567B5EA2CC83222004ED654 /* FetchMobileTest */;
			targetProxy = 5567B6062CC83223004ED654 /* PBXContainerItemProxy */;
		};
/* End PBXTargetDependency section */

/* Begin XCBuildConfiguration section */
		5567B60D2CC83223004ED654 /* Debug */ = {
			isa = XCBuildConfiguration;
			buildSettings = {
				ALWAYS_SEARCH_USER_PATHS = NO;
				ASSETCATALOG_COMPILER_GENERATE_SWIFT_ASSET_SYMBOL_EXTENSIONS = YES;
				CLANG_ANALYZER_NONNULL = YES;
				CLANG_ANALYZER_NUMBER_OBJECT_CONVERSION = YES_AGGRESSIVE;
				CLANG_CXX_LANGUAGE_STANDARD = "gnu++20";
				CLANG_ENABLE_MODULES = YES;
				CLANG_ENABLE_OBJC_ARC = YES;
				CLANG_ENABLE_OBJC_WEAK = YES;
				CLANG_WARN_BLOCK_CAPTURE_AUTORELEASING = YES;
				CLANG_WARN_BOOL_CONVERSION = YES;
				CLANG_WARN_COMMA = YES;
				CLANG_WARN_CONSTANT_CONVERSION = YES;
				CLANG_WARN_DEPRECATED_OBJC_IMPLEMENTATIONS = YES;
				CLANG_WARN_DIRECT_OBJC_ISA_USAGE = YES_ERROR;
				CLANG_WARN_DOCUMENTATION_COMMENTS = YES;
				CLANG_WARN_EMPTY_BODY = YES;
				CLANG_WARN_ENUM_CONVERSION = YES;
				CLANG_WARN_INFINITE_RECURSION = YES;
				CLANG_WARN_INT_CONVERSION = YES;
				CLANG_WARN_NON_LITERAL_NULL_CONVERSION = YES;
				CLANG_WARN_OBJC_IMPLICIT_RETAIN_SELF = YES;
				CLANG_WARN_OBJC_LITERAL_CONVERSION = YES;
				CLANG_WARN_OBJC_ROOT_CLASS = YES_ERROR;
				CLANG_WARN_QUOTED_INCLUDE_IN_FRAMEWORK_HEADER = YES;
				CLANG_WARN_RANGE_LOOP_ANALYSIS = YES;
				CLANG_WARN_STRICT_PROTOTYPES = YES;
				CLANG_WARN_SUSPICIOUS_MOVE = YES;
				CLANG_WARN_UNGUARDED_AVAILABILITY = YES_AGGRESSIVE;
				CLANG_WARN_UNREACHABLE_CODE = YES;
				CLANG_WARN__DUPLICATE_METHOD_MATCH = YES;
				COPY_PHASE_STRIP = NO;
				DEBUG_INFORMATION_FORMAT = dwarf;
				ENABLE_STRICT_OBJC_MSGSEND = YES;
				ENABLE_TESTABILITY = YES;
				ENABLE_USER_SCRIPT_SANDBOXING = YES;
				GCC_C_LANGUAGE_STANDARD = gnu17;
				GCC_DYNAMIC_NO_PIC = NO;
				GCC_NO_COMMON_BLOCKS = YES;
				GCC_OPTIMIZATION_LEVEL = 0;
				GCC_PREPROCESSOR_DEFINITIONS = (
					"DEBUG=1",
					"$(inherited)",
				);
				GCC_WARN_64_TO_32_BIT_CONVERSION = YES;
				GCC_WARN_ABOUT_RETURN_TYPE = YES_ERROR;
				GCC_WARN_UNDECLARED_SELECTOR = YES;
				GCC_WARN_UNINITIALIZED_AUTOS = YES_AGGRESSIVE;
				GCC_WARN_UNUSED_FUNCTION = YES;
				GCC_WARN_UNUSED_VARIABLE = YES;
				IPHONEOS_DEPLOYMENT_TARGET = 18.0;
				LOCALIZATION_PREFERS_STRING_CATALOGS = YES;
				MTL_ENABLE_DEBUG_INFO = INCLUDE_SOURCE;
				MTL_FAST_MATH = YES;
				ONLY_ACTIVE_ARCH = YES;
				SDKROOT = iphoneos;
				SWIFT_ACTIVE_COMPILATION_CONDITIONS = "DEBUG $(inherited)";
				SWIFT_OPTIMIZATION_LEVEL = "-Onone";
			};
			name = Debug;
		};
		5567B60E2CC83223004ED654 /* Release */ = {
			isa = XCBuildConfiguration;
			buildSettings = {
				ALWAYS_SEARCH_USER_PATHS = NO;
				ASSETCATALOG_COMPILER_GENERATE_SWIFT_ASSET_SYMBOL_EXTENSIONS = YES;
				CLANG_ANALYZER_NONNULL = YES;
				CLANG_ANALYZER_NUMBER_OBJECT_CONVERSION = YES_AGGRESSIVE;
				CLANG_CXX_LANGUAGE_STANDARD = "gnu++20";
				CLANG_ENABLE_MODULES = YES;
				CLANG_ENABLE_OBJC_ARC = YES;
				CLANG_ENABLE_OBJC_WEAK = YES;
				CLANG_WARN_BLOCK_CAPTURE_AUTORELEASING = YES;
				CLANG_WARN_BOOL_CONVERSION = YES;
				CLANG_WARN_COMMA = YES;
				CLANG_WARN_CONSTANT_CONVERSION = YES;
				CLANG_WARN_DEPRECATED_OBJC_IMPLEMENTATIONS = YES;
				CLANG_WARN_DIRECT_OBJC_ISA_USAGE = YES_ERROR;
				CLANG_WARN_DOCUMENTATION_COMMENTS = YES;
				CLANG_WARN_EMPTY_BODY = YES;
				CLANG_WARN_ENUM_CONVERSION = YES;
				CLANG_WARN_INFINITE_RECURSION = YES;
				CLANG_WARN_INT_CONVERSION = YES;
				CLANG_WARN_NON_LITERAL_NULL_CONVERSION = YES;
				CLANG_WARN_OBJC_IMPLICIT_RETAIN_SELF = YES;
				CLANG_WARN_OBJC_LITERAL_CONVERSION = YES;
				CLANG_WARN_OBJC_ROOT_CLASS = YES_ERROR;
				CLANG_WARN_QUOTED_INCLUDE_IN_FRAMEWORK_HEADER = YES;
				CLANG_WARN_RANGE_LOOP_ANALYSIS = YES;
				CLANG_WARN_STRICT_PROTOTYPES = YES;
				CLANG_WARN_SUSPICIOUS_MOVE = YES;
				CLANG_WARN_UNGUARDED_AVAILABILITY = YES_AGGRESSIVE;
				CLANG_WARN_UNREACHABLE_CODE = YES;
				CLANG_WARN__DUPLICATE_METHOD_MATCH = YES;
				COPY_PHASE_STRIP = NO;
				DEBUG_INFORMATION_FORMAT = "dwarf-with-dsym";
				ENABLE_NS_ASSERTIONS = NO;
				ENABLE_STRICT_OBJC_MSGSEND = YES;
				ENABLE_USER_SCRIPT_SANDBOXING = YES;
				GCC_C_LANGUAGE_STANDARD = gnu17;
				GCC_NO_COMMON_BLOCKS = YES;
				GCC_WARN_64_TO_32_BIT_CONVERSION = YES;
				GCC_WARN_ABOUT_RETURN_TYPE = YES_ERROR;
				GCC_WARN_UNDECLARED_SELECTOR = YES;
				GCC_WARN_UNINITIALIZED_AUTOS = YES_AGGRESSIVE;
				GCC_WARN_UNUSED_FUNCTION = YES;
				GCC_WARN_UNUSED_VARIABLE = YES;
				IPHONEOS_DEPLOYMENT_TARGET = 18.0;
				LOCALIZATION_PREFERS_STRING_CATALOGS = YES;
				MTL_ENABLE_DEBUG_INFO = NO;
				MTL_FAST_MATH = YES;
				SDKROOT = iphoneos;
				SWIFT_COMPILATION_MODE = wholemodule;
				VALIDATE_PRODUCT = YES;
			};
			name = Release;
		};
		5567B6102CC83223004ED654 /* Debug */ = {
			isa = XCBuildConfiguration;
			buildSettings = {
				ASSETCATALOG_COMPILER_APPICON_NAME = AppIcon;
				ASSETCATALOG_COMPILER_GLOBAL_ACCENT_COLOR_NAME = AccentColor;
				CODE_SIGN_STYLE = Automatic;
				CURRENT_PROJECT_VERSION = 1;
				DEVELOPMENT_ASSET_PATHS = "\"FetchMobileTest/Preview Content\"";
				DEVELOPMENT_TEAM = XWYLQSH2C6;
				ENABLE_PREVIEWS = YES;
				ENABLE_USER_SCRIPT_SANDBOXING = NO;
				GENERATE_INFOPLIST_FILE = YES;
				INFOPLIST_KEY_UIApplicationSceneManifest_Generation = YES;
				INFOPLIST_KEY_UIApplicationSupportsIndirectInputEvents = YES;
				INFOPLIST_KEY_UILaunchScreen_Generation = YES;
				INFOPLIST_KEY_UISupportedInterfaceOrientations_iPad = "UIInterfaceOrientationPortrait UIInterfaceOrientationPortraitUpsideDown UIInterfaceOrientationLandscapeLeft UIInterfaceOrientationLandscapeRight";
				INFOPLIST_KEY_UISupportedInterfaceOrientations_iPhone = "UIInterfaceOrientationPortrait UIInterfaceOrientationLandscapeLeft UIInterfaceOrientationLandscapeRight";
				LD_RUNPATH_SEARCH_PATHS = (
					"$(inherited)",
					"@executable_path/Frameworks",
				);
				MARKETING_VERSION = 1.0;
				PRODUCT_BUNDLE_IDENTIFIER = com.mmfsoftware.com.FetchMobileTest;
				PRODUCT_NAME = "$(TARGET_NAME)";
				SWIFT_EMIT_LOC_STRINGS = YES;
				SWIFT_VERSION = 5.0;
				TARGETED_DEVICE_FAMILY = "1,2";
			};
			name = Debug;
		};
		5567B6112CC83223004ED654 /* Release */ = {
			isa = XCBuildConfiguration;
			buildSettings = {
				ASSETCATALOG_COMPILER_APPICON_NAME = AppIcon;
				ASSETCATALOG_COMPILER_GLOBAL_ACCENT_COLOR_NAME = AccentColor;
				CODE_SIGN_STYLE = Automatic;
				CURRENT_PROJECT_VERSION = 1;
				DEVELOPMENT_ASSET_PATHS = "\"FetchMobileTest/Preview Content\"";
				DEVELOPMENT_TEAM = XWYLQSH2C6;
				ENABLE_PREVIEWS = YES;
				ENABLE_USER_SCRIPT_SANDBOXING = NO;
				GENERATE_INFOPLIST_FILE = YES;
				INFOPLIST_KEY_UIApplicationSceneManifest_Generation = YES;
				INFOPLIST_KEY_UIApplicationSupportsIndirectInputEvents = YES;
				INFOPLIST_KEY_UILaunchScreen_Generation = YES;
				INFOPLIST_KEY_UISupportedInterfaceOrientations_iPad = "UIInterfaceOrientationPortrait UIInterfaceOrientationPortraitUpsideDown UIInterfaceOrientationLandscapeLeft UIInterfaceOrientationLandscapeRight";
				INFOPLIST_KEY_UISupportedInterfaceOrientations_iPhone = "UIInterfaceOrientationPortrait UIInterfaceOrientationLandscapeLeft UIInterfaceOrientationLandscapeRight";
				LD_RUNPATH_SEARCH_PATHS = (
					"$(inherited)",
					"@executable_path/Frameworks",
				);
				MARKETING_VERSION = 1.0;
				PRODUCT_BUNDLE_IDENTIFIER = com.mmfsoftware.com.FetchMobileTest;
				PRODUCT_NAME = "$(TARGET_NAME)";
				SWIFT_EMIT_LOC_STRINGS = YES;
				SWIFT_VERSION = 5.0;
				TARGETED_DEVICE_FAMILY = "1,2";
			};
			name = Release;
		};
		5567B6132CC83223004ED654 /* Debug */ = {
			isa = XCBuildConfiguration;
			buildSettings = {
				BUNDLE_LOADER = "$(TEST_HOST)";
				CODE_SIGN_STYLE = Automatic;
				CURRENT_PROJECT_VERSION = 1;
				DEVELOPMENT_TEAM = XWYLQSH2C6;
				GENERATE_INFOPLIST_FILE = YES;
				IPHONEOS_DEPLOYMENT_TARGET = 18.0;
				MARKETING_VERSION = 1.0;
				PRODUCT_BUNDLE_IDENTIFIER = com.mmfsoftware.com.FetchMobileTestTests;
				PRODUCT_NAME = "$(TARGET_NAME)";
				SWIFT_EMIT_LOC_STRINGS = NO;
				SWIFT_VERSION = 5.0;
				TARGETED_DEVICE_FAMILY = "1,2";
				TEST_HOST = "$(BUILT_PRODUCTS_DIR)/FetchMobileTest.app/$(BUNDLE_EXECUTABLE_FOLDER_PATH)/FetchMobileTest";
			};
			name = Debug;
		};
		5567B6142CC83223004ED654 /* Release */ = {
			isa = XCBuildConfiguration;
			buildSettings = {
				BUNDLE_LOADER = "$(TEST_HOST)";
				CODE_SIGN_STYLE = Automatic;
				CURRENT_PROJECT_VERSION = 1;
				DEVELOPMENT_TEAM = XWYLQSH2C6;
				GENERATE_INFOPLIST_FILE = YES;
				IPHONEOS_DEPLOYMENT_TARGET = 18.0;
				MARKETING_VERSION = 1.0;
				PRODUCT_BUNDLE_IDENTIFIER = com.mmfsoftware.com.FetchMobileTestTests;
				PRODUCT_NAME = "$(TARGET_NAME)";
				SWIFT_EMIT_LOC_STRINGS = NO;
				SWIFT_VERSION = 5.0;
				TARGETED_DEVICE_FAMILY = "1,2";
				TEST_HOST = "$(BUILT_PRODUCTS_DIR)/FetchMobileTest.app/$(BUNDLE_EXECUTABLE_FOLDER_PATH)/FetchMobileTest";
			};
			name = Release;
		};
		5567B6162CC83223004ED654 /* Debug */ = {
			isa = XCBuildConfiguration;
			buildSettings = {
				CODE_SIGN_STYLE = Automatic;
				CURRENT_PROJECT_VERSION = 1;
				DEVELOPMENT_TEAM = XWYLQSH2C6;
				GENERATE_INFOPLIST_FILE = YES;
				MARKETING_VERSION = 1.0;
				PRODUCT_BUNDLE_IDENTIFIER = com.mmfsoftware.com.FetchMobileTestUITests;
				PRODUCT_NAME = "$(TARGET_NAME)";
				SWIFT_EMIT_LOC_STRINGS = NO;
				SWIFT_VERSION = 5.0;
				TARGETED_DEVICE_FAMILY = "1,2";
				TEST_TARGET_NAME = FetchMobileTest;
			};
			name = Debug;
		};
		5567B6172CC83223004ED654 /* Release */ = {
			isa = XCBuildConfiguration;
			buildSettings = {
				CODE_SIGN_STYLE = Automatic;
				CURRENT_PROJECT_VERSION = 1;
				DEVELOPMENT_TEAM = XWYLQSH2C6;
				GENERATE_INFOPLIST_FILE = YES;
				MARKETING_VERSION = 1.0;
				PRODUCT_BUNDLE_IDENTIFIER = com.mmfsoftware.com.FetchMobileTestUITests;
				PRODUCT_NAME = "$(TARGET_NAME)";
				SWIFT_EMIT_LOC_STRINGS = NO;
				SWIFT_VERSION = 5.0;
				TARGETED_DEVICE_FAMILY = "1,2";
				TEST_TARGET_NAME = FetchMobileTest;
			};
			name = Release;
		};
/* End XCBuildConfiguration section */

/* Begin XCConfigurationList section */
		5567B5E62CC83222004ED654 /* Build configuration list for PBXProject "FetchMobileTest" */ = {
			isa = XCConfigurationList;
			buildConfigurations = (
				5567B60D2CC83223004ED654 /* Debug */,
				5567B60E2CC83223004ED654 /* Release */,
			);
			defaultConfigurationIsVisible = 0;
			defaultConfigurationName = Release;
		};
		5567B60F2CC83223004ED654 /* Build configuration list for PBXNativeTarget "FetchMobileTest" */ = {
			isa = XCConfigurationList;
			buildConfigurations = (
				5567B6102CC83223004ED654 /* Debug */,
				5567B6112CC83223004ED654 /* Release */,
			);
			defaultConfigurationIsVisible = 0;
			defaultConfigurationName = Release;
		};
		5567B6122CC83223004ED654 /* Build configuration list for PBXNativeTarget "FetchMobileTestTests" */ = {
			isa = XCConfigurationList;
			buildConfigurations = (
				5567B6132CC83223004ED654 /* Debug */,
				5567B6142CC83223004ED654 /* Release */,
			);
			defaultConfigurationIsVisible = 0;
			defaultConfigurationName = Release;
		};
		5567B6152CC83223004ED654 /* Build configuration list for PBXNativeTarget "FetchMobileTestUITests" */ = {
			isa = XCConfigurationList;
			buildConfigurations = (
				5567B6162CC83223004ED654 /* Debug */,
				5567B6172CC83223004ED654 /* Release */,
			);
			defaultConfigurationIsVisible = 0;
			defaultConfigurationName = Release;
		};
/* End XCConfigurationList section */
	};
	rootObject = 5567B5E32CC83222004ED654 /* Project object */;
}
